# This file is autogenerated, do not edit; changes may be undone by the next 'dep ensure'.


[[projects]]
  branch = "master"
  name = "github.com/cnf/structhash"
  packages = ["."]
  revision = "62a607eb02243845670f25a61cbc2d394c1ede10"

[solve-meta]
  analyzer-name = "dep"
  analyzer-version = 1
  inputs-digest = "d7749c513a46c18ddf6be79d09b0df4b9db5133506d995b0933ef6023e7021b2"
  solver-name = "gps-cdcl"
  solver-version = 1
